
Microsoft Visual Studio Solution File, Format Version 12.00
# Visual Studio Version 17
VisualStudioVersion = 17.3.32929.385
MinimumVisualStudioVersion = 10.0.40219.1
Project("{FAE04EC0-301F-11D3-BF4B-00C04F79EFBC}") = "Agafonow_nedely 3_zadanie 9_1forms", "Agafonow_nedely 3_zadanie 9_1forms\Agafonow_nedely 3_zadanie 9_1forms.csproj", "{8E475251-AE31-45C3-9574-95545E82C763}"
EndProject
Global
	GlobalSection(SolutionConfigurationPlatforms) = preSolution
		Debug|Any CPU = Debug|Any CPU
		Release|Any CPU = Release|Any CPU
	EndGlobalSection
	GlobalSection(ProjectConfigurationPlatforms) = postSolution
		{8E475251-AE31-45C3-9574-95545E82C763}.Debug|Any CPU.ActiveCfg = Debug|Any CPU
		{8E475251-AE31-45C3-9574-95545E82C763}.Debug|Any CPU.Build.0 = Debug|Any CPU
		{8E475251-AE31-45C3-9574-95545E82C763}.Release|Any CPU.ActiveCfg = Release|Any CPU
		{8E475251-AE31-45C3-9574-95545E82C763}.Release|Any CPU.Build.0 = Release|Any CPU
	EndGlobalSection
	GlobalSection(SolutionProperties) = preSolution
		HideSolutionNode = FALSE
	EndGlobalSection
	GlobalSection(ExtensibilityGlobals) = postSolution
		SolutionGuid = {B0C41454-4414-4F72-812B-899E2FE66AA0}
	EndGlobalSection
EndGlobal
