
Microsoft Visual Studio Solution File, Format Version 12.00
# Visual Studio Version 17
VisualStudioVersion = 17.3.32929.385
MinimumVisualStudioVersion = 10.0.40219.1
Project("{FAE04EC0-301F-11D3-BF4B-00C04F79EFBC}") = "Agafonow_nedely 3_zadanie 7_2forms", "Agafonow_nedely 3_zadanie 7_2forms\Agafonow_nedely 3_zadanie 7_2forms.csproj", "{3B763BCE-0626-4AC6-96F1-0F6CB141BF04}"
EndProject
Global
	GlobalSection(SolutionConfigurationPlatforms) = preSolution
		Debug|Any CPU = Debug|Any CPU
		Release|Any CPU = Release|Any CPU
	EndGlobalSection
	GlobalSection(ProjectConfigurationPlatforms) = postSolution
		{3B763BCE-0626-4AC6-96F1-0F6CB141BF04}.Debug|Any CPU.ActiveCfg = Debug|Any CPU
		{3B763BCE-0626-4AC6-96F1-0F6CB141BF04}.Debug|Any CPU.Build.0 = Debug|Any CPU
		{3B763BCE-0626-4AC6-96F1-0F6CB141BF04}.Release|Any CPU.ActiveCfg = Release|Any CPU
		{3B763BCE-0626-4AC6-96F1-0F6CB141BF04}.Release|Any CPU.Build.0 = Release|Any CPU
	EndGlobalSection
	GlobalSection(SolutionProperties) = preSolution
		HideSolutionNode = FALSE
	EndGlobalSection
	GlobalSection(ExtensibilityGlobals) = postSolution
		SolutionGuid = {8FC1D82C-DD75-41AF-84A6-F50FE0459C2D}
	EndGlobalSection
EndGlobal
