
Microsoft Visual Studio Solution File, Format Version 12.00
# Visual Studio Version 17
VisualStudioVersion = 17.3.32929.385
MinimumVisualStudioVersion = 10.0.40219.1
Project("{FAE04EC0-301F-11D3-BF4B-00C04F79EFBC}") = "Agafonow_nedely 3_zadanie 11forms", "Agafonow_nedely 3_zadanie 11forms\Agafonow_nedely 3_zadanie 11forms.csproj", "{B283AAF0-7A0A-4D09-928A-254814690E98}"
EndProject
Global
	GlobalSection(SolutionConfigurationPlatforms) = preSolution
		Debug|Any CPU = Debug|Any CPU
		Release|Any CPU = Release|Any CPU
	EndGlobalSection
	GlobalSection(ProjectConfigurationPlatforms) = postSolution
		{B283AAF0-7A0A-4D09-928A-254814690E98}.Debug|Any CPU.ActiveCfg = Debug|Any CPU
		{B283AAF0-7A0A-4D09-928A-254814690E98}.Debug|Any CPU.Build.0 = Debug|Any CPU
		{B283AAF0-7A0A-4D09-928A-254814690E98}.Release|Any CPU.ActiveCfg = Release|Any CPU
		{B283AAF0-7A0A-4D09-928A-254814690E98}.Release|Any CPU.Build.0 = Release|Any CPU
	EndGlobalSection
	GlobalSection(SolutionProperties) = preSolution
		HideSolutionNode = FALSE
	EndGlobalSection
	GlobalSection(ExtensibilityGlobals) = postSolution
		SolutionGuid = {77AB0D1E-BBA7-44C2-B0B8-936E8EC2A4A7}
	EndGlobalSection
EndGlobal
