
Microsoft Visual Studio Solution File, Format Version 12.00
# Visual Studio Version 17
VisualStudioVersion = 17.3.32929.385
MinimumVisualStudioVersion = 10.0.40219.1
Project("{FAE04EC0-301F-11D3-BF4B-00C04F79EFBC}") = "Agafonow_nedely 3_zadanie 9_2forms", "Agafonow_nedely 3_zadanie 9_2forms\Agafonow_nedely 3_zadanie 9_2forms.csproj", "{DE363E32-00C6-41DA-A3A1-D8912A7C3507}"
EndProject
Global
	GlobalSection(SolutionConfigurationPlatforms) = preSolution
		Debug|Any CPU = Debug|Any CPU
		Release|Any CPU = Release|Any CPU
	EndGlobalSection
	GlobalSection(ProjectConfigurationPlatforms) = postSolution
		{DE363E32-00C6-41DA-A3A1-D8912A7C3507}.Debug|Any CPU.ActiveCfg = Debug|Any CPU
		{DE363E32-00C6-41DA-A3A1-D8912A7C3507}.Debug|Any CPU.Build.0 = Debug|Any CPU
		{DE363E32-00C6-41DA-A3A1-D8912A7C3507}.Release|Any CPU.ActiveCfg = Release|Any CPU
		{DE363E32-00C6-41DA-A3A1-D8912A7C3507}.Release|Any CPU.Build.0 = Release|Any CPU
	EndGlobalSection
	GlobalSection(SolutionProperties) = preSolution
		HideSolutionNode = FALSE
	EndGlobalSection
	GlobalSection(ExtensibilityGlobals) = postSolution
		SolutionGuid = {4BBBC878-FC84-406D-B1D0-D5EABEF6B30B}
	EndGlobalSection
EndGlobal
