
Microsoft Visual Studio Solution File, Format Version 12.00
# Visual Studio Version 17
VisualStudioVersion = 17.3.32929.385
MinimumVisualStudioVersion = 10.0.40219.1
Project("{FAE04EC0-301F-11D3-BF4B-00C04F79EFBC}") = "Агафонов_неделя 1_задание 1_2_форм", "Агафонов_неделя 1_задание 1_2_форм\Агафонов_неделя 1_задание 1_2_форм.csproj", "{6A8AC84F-BB94-4CC9-B01B-6617416BB63D}"
EndProject
Global
	GlobalSection(SolutionConfigurationPlatforms) = preSolution
		Debug|Any CPU = Debug|Any CPU
		Release|Any CPU = Release|Any CPU
	EndGlobalSection
	GlobalSection(ProjectConfigurationPlatforms) = postSolution
		{6A8AC84F-BB94-4CC9-B01B-6617416BB63D}.Debug|Any CPU.ActiveCfg = Debug|Any CPU
		{6A8AC84F-BB94-4CC9-B01B-6617416BB63D}.Debug|Any CPU.Build.0 = Debug|Any CPU
		{6A8AC84F-BB94-4CC9-B01B-6617416BB63D}.Release|Any CPU.ActiveCfg = Release|Any CPU
		{6A8AC84F-BB94-4CC9-B01B-6617416BB63D}.Release|Any CPU.Build.0 = Release|Any CPU
	EndGlobalSection
	GlobalSection(SolutionProperties) = preSolution
		HideSolutionNode = FALSE
	EndGlobalSection
	GlobalSection(ExtensibilityGlobals) = postSolution
		SolutionGuid = {7B2AB228-9879-4FC6-824F-A7BC0AB87BF0}
	EndGlobalSection
EndGlobal
